
Microsoft Visual Studio Solution File, Format Version 12.00
# Visual Studio 15
VisualStudioVersion = 15.0.28307.168
MinimumVisualStudioVersion = 10.0.40219.1
Project("{FAE04EC0-301F-11D3-BF4B-00C04F79EFBC}") = "InterfacesAndExtensibility", "InterfacesAndExtensibility\InterfacesAndExtensibility.csproj", "{462FD22C-DAD0-4619-93C3-5FA0EEB3F571}"
EndProject
Global
	GlobalSection(SolutionConfigurationPlatforms) = preSolution
		Debug|Any CPU = Debug|Any CPU
		Release|Any CPU = Release|Any CPU
	EndGlobalSection
	GlobalSection(ProjectConfigurationPlatforms) = postSolution
		{462FD22C-DAD0-4619-93C3-5FA0EEB3F571}.Debug|Any CPU.ActiveCfg = Debug|Any CPU
		{462FD22C-DAD0-4619-93C3-5FA0EEB3F571}.Debug|Any CPU.Build.0 = Debug|Any CPU
		{462FD22C-DAD0-4619-93C3-5FA0EEB3F571}.Release|Any CPU.ActiveCfg = Release|Any CPU
		{462FD22C-DAD0-4619-93C3-5FA0EEB3F571}.Release|Any CPU.Build.0 = Release|Any CPU
	EndGlobalSection
	GlobalSection(SolutionProperties) = preSolution
		HideSolutionNode = FALSE
	EndGlobalSection
	GlobalSection(ExtensibilityGlobals) = postSolution
		SolutionGuid = {B1AA8815-B088-4F54-84CD-78C3049C73F8}
	EndGlobalSection
EndGlobal
