
Microsoft Visual Studio Solution File, Format Version 12.00
# Visual Studio 15
VisualStudioVersion = 15.0.28307.168
MinimumVisualStudioVersion = 10.0.40219.1
Project("{FAE04EC0-301F-11D3-BF4B-00C04F79EFBC}") = "InheritanceExercises", "InheritanceExercises\InheritanceExercises.csproj", "{446F5324-E643-428C-B232-F435D59306BB}"
EndProject
Global
	GlobalSection(SolutionConfigurationPlatforms) = preSolution
		Debug|Any CPU = Debug|Any CPU
		Release|Any CPU = Release|Any CPU
	EndGlobalSection
	GlobalSection(ProjectConfigurationPlatforms) = postSolution
		{446F5324-E643-428C-B232-F435D59306BB}.Debug|Any CPU.ActiveCfg = Debug|Any CPU
		{446F5324-E643-428C-B232-F435D59306BB}.Debug|Any CPU.Build.0 = Debug|Any CPU
		{446F5324-E643-428C-B232-F435D59306BB}.Release|Any CPU.ActiveCfg = Release|Any CPU
		{446F5324-E643-428C-B232-F435D59306BB}.Release|Any CPU.Build.0 = Release|Any CPU
	EndGlobalSection
	GlobalSection(SolutionProperties) = preSolution
		HideSolutionNode = FALSE
	EndGlobalSection
	GlobalSection(ExtensibilityGlobals) = postSolution
		SolutionGuid = {8D6A7F0E-D701-4F9E-89B7-99777B540366}
	EndGlobalSection
EndGlobal
