
Microsoft Visual Studio Solution File, Format Version 12.00
# Visual Studio 15
VisualStudioVersion = 15.0.28307.168
MinimumVisualStudioVersion = 10.0.40219.1
Project("{FAE04EC0-301F-11D3-BF4B-00C04F79EFBC}") = "ClassesExercises", "ClassesExercises\ClassesExercises.csproj", "{4C777B26-985B-4855-9643-A7F381988ECB}"
EndProject
Global
	GlobalSection(SolutionConfigurationPlatforms) = preSolution
		Debug|Any CPU = Debug|Any CPU
		Release|Any CPU = Release|Any CPU
	EndGlobalSection
	GlobalSection(ProjectConfigurationPlatforms) = postSolution
		{4C777B26-985B-4855-9643-A7F381988ECB}.Debug|Any CPU.ActiveCfg = Debug|Any CPU
		{4C777B26-985B-4855-9643-A7F381988ECB}.Debug|Any CPU.Build.0 = Debug|Any CPU
		{4C777B26-985B-4855-9643-A7F381988ECB}.Release|Any CPU.ActiveCfg = Release|Any CPU
		{4C777B26-985B-4855-9643-A7F381988ECB}.Release|Any CPU.Build.0 = Release|Any CPU
	EndGlobalSection
	GlobalSection(SolutionProperties) = preSolution
		HideSolutionNode = FALSE
	EndGlobalSection
	GlobalSection(ExtensibilityGlobals) = postSolution
		SolutionGuid = {77609B5E-B070-4F60-ABAB-02B38BCC3512}
	EndGlobalSection
EndGlobal
